{
  "name": "@nanoflare/simple-kv",
  "lockfileVersion": 3,
  "requires": true,
  "packages": {
    "": {
      "name": "@nanoflare/simple-kv",
      "devDependencies": {
        "@nanoflare/cli": "^0.1.2",
        "typescript": "^5.8.3"
      }
    },
    "node_modules/@nanoflare/cli": {
      "version": "0.1.2",
      "resolved": "https://registry.npmjs.org/@nanoflare/cli/-/cli-0.1.2.tgz",
      "integrity": "sha512-LG4Kvdb8c1grmaBv8yD6Fy0/XQQ13ZlZ7LQ38sm6NUdMhV3fOa8si4s8ledLIx1R6FELVAgnzdzTlucJszIRTA==",
      "dev": true,
      "license": "Apache-2.0",
      "bin": {
        "nanoflare": "bin/nanoflare.cjs"
      },
      "engines": {
        "node": ">=18"
      },
      "optionalDependencies": {
        "@nanoflare/cli-darwin-arm64": "0.1.2",
        "@nanoflare/cli-darwin-x64": "0.1.2",
        "@nanoflare/cli-linux-arm64": "0.1.2",
        "@nanoflare/cli-linux-x64": "0.1.2",
        "@nanoflare/cli-win32-arm64": "0.1.2",
        "@nanoflare/cli-win32-x64": "0.1.2"
      }
    },
    "node_modules/@nanoflare/cli-darwin-arm64": {
      "version": "0.1.2",
      "resolved": "https://registry.npmjs.org/@nanoflare/cli-darwin-arm64/-/cli-darwin-arm64-0.1.2.tgz",
      "integrity": "sha512-Wby3OLTidtZQdAoZkBxseSMpbpE3dX9Ou1cV1AyH/WbvjxeLUR8W5jBoyZqr67zuv/m/dD3YyNjLlsV4CUl9bw==",
      "cpu": [
        "arm64"
      ],
      "dev": true,
      "license": "Apache-2.0",
      "optional": true,
      "os": [
        "darwin"
      ]
    },
    "node_modules/@nanoflare/cli-darwin-x64": {
      "version": "0.1.2",
      "resolved": "https://registry.npmjs.org/@nanoflare/cli-darwin-x64/-/cli-darwin-x64-0.1.2.tgz",
      "integrity": "sha512-eUVROM64vgoI7fEngyqFKd2GXWAToJFAjr6V4zDphuIw2f01eY/tbJBnVkK+D81UPlnYDTTUSO8CuzKdCHkaug==",
      "cpu": [
        "x64"
      ],
      "dev": true,
      "license": "Apache-2.0",
      "optional": true,
      "os": [
        "darwin"
      ]
    },
    "node_modules/@nanoflare/cli-linux-arm64": {
      "version": "0.1.2",
      "resolved": "https://registry.npmjs.org/@nanoflare/cli-linux-arm64/-/cli-linux-arm64-0.1.2.tgz",
      "integrity": "sha512-LwhYUzl1w6pbBJHKvVfQFLFrx0gRuAjASY1bgo/memWmvtszZW5K1Qw5eUvTanqPjnKe93s5heqlI2qb+YmbNQ==",
      "cpu": [
        "arm64"
      ],
      "dev": true,
      "license": "Apache-2.0",
      "optional": true,
      "os": [
        "linux"
      ]
    },
    "node_modules/@nanoflare/cli-linux-x64": {
      "version": "0.1.2",
      "resolved": "https://registry.npmjs.org/@nanoflare/cli-linux-x64/-/cli-linux-x64-0.1.2.tgz",
      "integrity": "sha512-r1oleuVRhNdSXdIYXMr8ha7+EpxnPfo2Szykw2BttJSLoOE7LZLg6nMyIUN5eRjwUmPh27rOP10GBO3BXv2Puw==",
      "cpu": [
        "x64"
      ],
      "dev": true,
      "license": "Apache-2.0",
      "optional": true,
      "os": [
        "linux"
      ]
    },
    "node_modules/@nanoflare/cli-win32-arm64": {
      "version": "0.1.2",
      "resolved": "https://registry.npmjs.org/@nanoflare/cli-win32-arm64/-/cli-win32-arm64-0.1.2.tgz",
      "integrity": "sha512-0+5pSRKwqeMM6IbpPpneQtPhGSjMkMfGrLY9OGpbjDsRjMmvIuU63bMYtR8geINiLQ8phwC6lOn6HbL3woiLLA==",
      "cpu": [
        "arm64"
      ],
      "dev": true,
      "license": "Apache-2.0",
      "optional": true,
      "os": [
        "win32"
      ]
    },
    "node_modules/@nanoflare/cli-win32-x64": {
      "version": "0.1.2",
      "resolved": "https://registry.npmjs.org/@nanoflare/cli-win32-x64/-/cli-win32-x64-0.1.2.tgz",
      "integrity": "sha512-jp1+03L0cBmZEgDEfuEGrVmjA0f2YeDRbA56wZeZ4lN3ZgAFYE18xGErthNXUWdlPl7D9Uuw7h0xWdQfa4N23g==",
      "cpu": [
        "x64"
      ],
      "dev": true,
      "license": "Apache-2.0",
      "optional": true,
      "os": [
        "win32"
      ]
    },
    "node_modules/typescript": {
      "version": "5.9.3",
      "resolved": "https://registry.npmjs.org/typescript/-/typescript-5.9.3.tgz",
      "integrity": "sha512-jl1vZzPDinLr9eUt3J/t7V6FgNEw9QjvBPdysz9KfQDD41fQrC2Y4vKQdiaUpFT4bXlb1RHhLpp8wtm6M5TgSw==",
      "dev": true,
      "license": "Apache-2.0",
      "bin": {
        "tsc": "bin/tsc",
        "tsserver": "bin/tsserver"
      },
      "engines": {
        "node": ">=14.17"
      }
    }
  }
}
