lockfileVersion: '9.0'

settings:
  autoInstallPeers: true
  excludeLinksFromLockfile: false

importers:

  .:
    devDependencies:
      '@nanoflare/workers-types':
        specifier: file:../../packages/workers-types
        version: file:../../packages/workers-types
      typescript:
        specifier: ^5.8.3
        version: 5.9.3

packages:

  '@nanoflare/workers-types@file:../../packages/workers-types':
    resolution: {directory: ../../packages/workers-types, type: directory}

  typescript@5.9.3:
    resolution: {integrity: sha512-jl1vZzPDinLr9eUt3J/t7V6FgNEw9QjvBPdysz9KfQDD41fQrC2Y4vKQdiaUpFT4bXlb1RHhLpp8wtm6M5TgSw==}
    engines: {node: '>=14.17'}
    hasBin: true

snapshots:

  '@nanoflare/workers-types@file:../../packages/workers-types': {}

  typescript@5.9.3: {}
