{
  "name": "@nanoflare/protected-app",
  "lockfileVersion": 3,
  "requires": true,
  "packages": {
    "": {
      "name": "@nanoflare/protected-app",
      "devDependencies": {
        "@nanoflare/cli": "^0.1.0",
        "@nanoflare/workers-types": "file:../../packages/workers-types",
        "typescript": "^5.8.3"
      }
    },
    "../../packages/workers-types": {
      "name": "nanoflare-workers-types",
      "version": "0.0.2",
      "dev": true,
      "license": "MIT",
      "devDependencies": {
        "typescript": "~5.8.3"
      }
    },
    "node_modules/@nanoflare/cli": {
      "version": "0.1.0",
      "resolved": "https://registry.npmjs.org/@nanoflare/cli/-/cli-0.1.0.tgz",
      "integrity": "sha512-D87JOGvhNnW0gyEhA1wDZBBY8tD8Xfnj6ytmddpLE3MFWpVsrIgPaKHPyTwcn3swEetEN6rdGeRtphBNGPkQJw==",
      "dev": true,
      "license": "Apache-2.0",
      "bin": {
        "nanoflare": "bin/nanoflare.cjs"
      },
      "engines": {
        "node": ">=18"
      },
      "optionalDependencies": {
        "@nanoflare/cli-darwin-arm64": "0.1.0",
        "@nanoflare/cli-darwin-x64": "0.1.0",
        "@nanoflare/cli-linux-arm64": "0.1.0",
        "@nanoflare/cli-linux-x64": "0.1.0",
        "@nanoflare/cli-win32-arm64": "0.1.0",
        "@nanoflare/cli-win32-x64": "0.1.0"
      }
    },
    "node_modules/@nanoflare/cli-darwin-arm64": {
      "version": "0.1.0",
      "resolved": "https://registry.npmjs.org/@nanoflare/cli-darwin-arm64/-/cli-darwin-arm64-0.1.0.tgz",
      "integrity": "sha512-QxY4T74vsZRtRPPNs1Y13gJ/ZXKo5ig6j2PwrXp+0ibqILyF1gM/lRfE6oElwI81nQ1ZqG/nh7V79XwJ0uD6Gw==",
      "cpu": [
        "arm64"
      ],
      "dev": true,
      "license": "Apache-2.0",
      "optional": true,
      "os": [
        "darwin"
      ]
    },
    "node_modules/@nanoflare/cli-darwin-x64": {
      "version": "0.1.0",
      "resolved": "https://registry.npmjs.org/@nanoflare/cli-darwin-x64/-/cli-darwin-x64-0.1.0.tgz",
      "integrity": "sha512-jtIn8CxB8NjPoqzUxbvX8Y2xdMvyUoASIN2UKH+kwQJV/GP50S5rwrmsR7ibFF1ZVYqlHpR+Bt3C7J3XzZJvKA==",
      "cpu": [
        "x64"
      ],
      "dev": true,
      "license": "Apache-2.0",
      "optional": true,
      "os": [
        "darwin"
      ]
    },
    "node_modules/@nanoflare/cli-linux-arm64": {
      "version": "0.1.0",
      "resolved": "https://registry.npmjs.org/@nanoflare/cli-linux-arm64/-/cli-linux-arm64-0.1.0.tgz",
      "integrity": "sha512-lrlu2453Ert9jOzAisNWzMIJNbjoJ+y7zq8u9OncKqfChO97vozSNpB1gpoCjvwPnsO7yX2cq6ErbYxmUb69zg==",
      "cpu": [
        "arm64"
      ],
      "dev": true,
      "license": "Apache-2.0",
      "optional": true,
      "os": [
        "linux"
      ]
    },
    "node_modules/@nanoflare/cli-linux-x64": {
      "version": "0.1.0",
      "resolved": "https://registry.npmjs.org/@nanoflare/cli-linux-x64/-/cli-linux-x64-0.1.0.tgz",
      "integrity": "sha512-sivF5L68Gx14mTlW3+ziZjL6XUdMJsbXqbLyyL+gHZRVBCG2gZZMS39VKVQJsQwkTUEUiwK9hxxYU8izuQ51gQ==",
      "cpu": [
        "x64"
      ],
      "dev": true,
      "license": "Apache-2.0",
      "optional": true,
      "os": [
        "linux"
      ]
    },
    "node_modules/@nanoflare/cli-win32-arm64": {
      "version": "0.1.0",
      "resolved": "https://registry.npmjs.org/@nanoflare/cli-win32-arm64/-/cli-win32-arm64-0.1.0.tgz",
      "integrity": "sha512-CaGdrBvC+AlUcd2vDSPWHQiu/57+Wj5jJcqqAPiZb3LInKfdYjXZgVpx2Px/F8SmJQWLxwVDttLVmkSnTYogAA==",
      "cpu": [
        "arm64"
      ],
      "dev": true,
      "license": "Apache-2.0",
      "optional": true,
      "os": [
        "win32"
      ]
    },
    "node_modules/@nanoflare/cli-win32-x64": {
      "version": "0.1.0",
      "resolved": "https://registry.npmjs.org/@nanoflare/cli-win32-x64/-/cli-win32-x64-0.1.0.tgz",
      "integrity": "sha512-xkOV994gwlGblznQvCJnBii3LIufibktQaupPXEy1U1bTDH8DAG5VemS6yA43EEBNJsB+/RwHA+g9gPJQWrqzw==",
      "cpu": [
        "x64"
      ],
      "dev": true,
      "license": "Apache-2.0",
      "optional": true,
      "os": [
        "win32"
      ]
    },
    "node_modules/@nanoflare/workers-types": {
      "resolved": "../../packages/workers-types",
      "link": true
    },
    "node_modules/typescript": {
      "version": "5.9.3",
      "resolved": "https://registry.npmjs.org/typescript/-/typescript-5.9.3.tgz",
      "integrity": "sha512-jl1vZzPDinLr9eUt3J/t7V6FgNEw9QjvBPdysz9KfQDD41fQrC2Y4vKQdiaUpFT4bXlb1RHhLpp8wtm6M5TgSw==",
      "dev": true,
      "license": "Apache-2.0",
      "bin": {
        "tsc": "bin/tsc",
        "tsserver": "bin/tsserver"
      },
      "engines": {
        "node": ">=14.17"
      }
    }
  }
}
