{
  "name": "@nanoflare/cron-worker",
  "lockfileVersion": 3,
  "requires": true,
  "packages": {
    "": {
      "name": "@nanoflare/cron-worker",
      "devDependencies": {
        "@nanoflare/cli": "^0.1.5",
        "typescript": "^5.8.3"
      }
    },
    "node_modules/@nanoflare/cli": {
      "version": "0.1.5",
      "resolved": "https://registry.npmjs.org/@nanoflare/cli/-/cli-0.1.5.tgz",
      "integrity": "sha512-M7GXb7kX+8wWP851rlbvm7qs0LrERbtSaGXDpfh69df479p0XDXljEpox8gXT3i6F0+BYj4l8PYbbg81DdNVcg==",
      "dev": true,
      "license": "Apache-2.0",
      "bin": {
        "nanoflare": "bin/nanoflare.cjs"
      },
      "engines": {
        "node": ">=18"
      },
      "optionalDependencies": {
        "@nanoflare/cli-darwin-arm64": "0.1.5",
        "@nanoflare/cli-darwin-x64": "0.1.5",
        "@nanoflare/cli-linux-arm64": "0.1.5",
        "@nanoflare/cli-linux-x64": "0.1.5",
        "@nanoflare/cli-win32-arm64": "0.1.5",
        "@nanoflare/cli-win32-x64": "0.1.5"
      }
    },
    "node_modules/@nanoflare/cli-darwin-arm64": {
      "version": "0.1.5",
      "resolved": "https://registry.npmjs.org/@nanoflare/cli-darwin-arm64/-/cli-darwin-arm64-0.1.5.tgz",
      "integrity": "sha512-W7xJ6hYqILQWd6jrJBBUIyRNpEl6PbRlFOUXe0oSKj4Gj2IKlOlXu8EpVP8uKxinQoJ5V+QbILVIaQgWe5XDmw==",
      "cpu": [
        "arm64"
      ],
      "dev": true,
      "license": "Apache-2.0",
      "optional": true,
      "os": [
        "darwin"
      ]
    },
    "node_modules/@nanoflare/cli-darwin-x64": {
      "version": "0.1.5",
      "resolved": "https://registry.npmjs.org/@nanoflare/cli-darwin-x64/-/cli-darwin-x64-0.1.5.tgz",
      "integrity": "sha512-uKE3pqRLtdAm39CsNp0zY7aspzstgPSnqGGeJTePfNxNAoSw/zHw5B3HRHCvR9yVTnGcmuV9BLvLQ3QUncAgLA==",
      "cpu": [
        "x64"
      ],
      "dev": true,
      "license": "Apache-2.0",
      "optional": true,
      "os": [
        "darwin"
      ]
    },
    "node_modules/@nanoflare/cli-linux-arm64": {
      "version": "0.1.5",
      "resolved": "https://registry.npmjs.org/@nanoflare/cli-linux-arm64/-/cli-linux-arm64-0.1.5.tgz",
      "integrity": "sha512-YKs/0j6WP/7iYQ3NHo4gE1p4S2xpdgq1wONx4Br9XJCIVPG1OKgkxyriiI6sYOv++qnsTk1HDRviIbyk/MTiHw==",
      "cpu": [
        "arm64"
      ],
      "dev": true,
      "license": "Apache-2.0",
      "optional": true,
      "os": [
        "linux"
      ]
    },
    "node_modules/@nanoflare/cli-linux-x64": {
      "version": "0.1.5",
      "resolved": "https://registry.npmjs.org/@nanoflare/cli-linux-x64/-/cli-linux-x64-0.1.5.tgz",
      "integrity": "sha512-cqR4tSMple7cpTUxHAUqAYEunG2M5dEt/g9aa2Odfo8xEcppdoJO61ChjzN/QJvwXK5XXUSqf9RH+dAUAoOuYw==",
      "cpu": [
        "x64"
      ],
      "dev": true,
      "license": "Apache-2.0",
      "optional": true,
      "os": [
        "linux"
      ]
    },
    "node_modules/@nanoflare/cli-win32-arm64": {
      "version": "0.1.5",
      "resolved": "https://registry.npmjs.org/@nanoflare/cli-win32-arm64/-/cli-win32-arm64-0.1.5.tgz",
      "integrity": "sha512-2I5jZ22KDJmOYDYFD+EO/DNOuIEiI9r9EV0n+KdG7k8LmLtyU3lsT7pX2Q8h/ZA9AlOmdLpnxWLBDUSL8x82rw==",
      "cpu": [
        "arm64"
      ],
      "dev": true,
      "license": "Apache-2.0",
      "optional": true,
      "os": [
        "win32"
      ]
    },
    "node_modules/@nanoflare/cli-win32-x64": {
      "version": "0.1.5",
      "resolved": "https://registry.npmjs.org/@nanoflare/cli-win32-x64/-/cli-win32-x64-0.1.5.tgz",
      "integrity": "sha512-Z5O2bvvjGfIDEtzC8pB50xtXha5uVq694nxgeKKnbX5RBQZ5VJPjoLhu1ZYNEhLlWyzEyzmubjhzCNUQEDcsRg==",
      "cpu": [
        "x64"
      ],
      "dev": true,
      "license": "Apache-2.0",
      "optional": true,
      "os": [
        "win32"
      ]
    },
    "node_modules/typescript": {
      "version": "5.9.3",
      "resolved": "https://registry.npmjs.org/typescript/-/typescript-5.9.3.tgz",
      "integrity": "sha512-jl1vZzPDinLr9eUt3J/t7V6FgNEw9QjvBPdysz9KfQDD41fQrC2Y4vKQdiaUpFT4bXlb1RHhLpp8wtm6M5TgSw==",
      "dev": true,
      "license": "Apache-2.0",
      "bin": {
        "tsc": "bin/tsc",
        "tsserver": "bin/tsserver"
      },
      "engines": {
        "node": ">=14.17"
      }
    }
  }
}
